Microsoft Visual Studio Solution File, Format Version 12.00
# Visual Studio 2012
Project("{FAE04EC0-301F-11D3-BF4B-00C04F79EFBC}") = "Godottest", "Godottest.csproj", "{148CD05A-1013-4261-ADFF-B3744123EADD}"
EndProject
Global
	GlobalSection(SolutionConfigurationPlatforms) = preSolution
	Debug|Any CPU = Debug|Any CPU
	ExportDebug|Any CPU = ExportDebug|Any CPU
	ExportRelease|Any CPU = ExportRelease|Any CPU
	EndGlobalSection
	GlobalSection(ProjectConfigurationPlatforms) = postSolution
		{148CD05A-1013-4261-ADFF-B3744123EADD}.Debug|Any CPU.ActiveCfg = Debug|Any CPU
		{148CD05A-1013-4261-ADFF-B3744123EADD}.Debug|Any CPU.Build.0 = Debug|Any CPU
		{148CD05A-1013-4261-ADFF-B3744123EADD}.ExportDebug|Any CPU.ActiveCfg = ExportDebug|Any CPU
		{148CD05A-1013-4261-ADFF-B3744123EADD}.ExportDebug|Any CPU.Build.0 = ExportDebug|Any CPU
		{148CD05A-1013-4261-ADFF-B3744123EADD}.ExportRelease|Any CPU.ActiveCfg = ExportRelease|Any CPU
		{148CD05A-1013-4261-ADFF-B3744123EADD}.ExportRelease|Any CPU.Build.0 = ExportRelease|Any CPU
	EndGlobalSection
EndGlobal
